{
  "name": "stmp",
  "version": "1.0.0",
  "lockfileVersion": 3,
  "requires": true,
  "packages": {
    "": {
      "name": "stmp",
      "version": "1.0.0",
      "license": "ISC",
      "dependencies": {
        "fs": "0.0.1-security",
        "jquery": "3.6.0",
        "openssl-nodejs": "1.0.5",
        "path": "^0.12.7",
        "png-chunk-text": "^1.0.0",
        "png-chunks-encode": "^1.0.0",
        "png-chunks-extract": "^1.0.0",
        "ws": "^8.5.0"
      }
    },
    "node_modules/crc-32": {
      "version": "0.3.0",
      "resolved": "https://registry.npmjs.org/crc-32/-/crc-32-0.3.0.tgz",
      "integrity": "sha512-kucVIjOmMc1f0tv53BJ/5WIX+MGLcKuoBhnGqQrgKJNqLByb/sVMWfW/Aw6hw0jgcqjJ2pi9E5y32zOIpaUlsA==",
      "engines": {
        "node": ">=0.8"
      }
    },
    "node_modules/fs": {
      "version": "0.0.1-security",
      "resolved": "https://registry.npmjs.org/fs/-/fs-0.0.1-security.tgz",
      "integrity": "sha512-3XY9e1pP0CVEUCdj5BmfIZxRBTSDycnbqhIOGec9QYtmVH2fbLpj86CFWkrNOkt/Fvty4KZG5lTglL9j/gJ87w=="
    },
    "node_modules/inherits": {
      "version": "2.0.3",
      "resolved": "https://registry.npmjs.org/inherits/-/inherits-2.0.3.tgz",
      "integrity": "sha512-x00IRNXNy63jwGkJmzPigoySHbaqpNuzKbBOmzK+g2OdZpQ9w+sxCN+VSB3ja7IAge2OP2qpfxTjeNcyjmW1uw=="
    },
    "node_modules/jquery": {
      "version": "3.6.0",
      "resolved": "https://registry.npmjs.org/jquery/-/jquery-3.6.0.tgz",
      "integrity": "sha512-JVzAR/AjBvVt2BmYhxRCSYysDsPcssdmTFnzyLEts9qNwmjmu4JTAMYubEfwVOSwpQ1I1sKKFcxhZCI2buerfw=="
    },
    "node_modules/openssl-nodejs": {
      "version": "1.0.5",
      "resolved": "https://registry.npmjs.org/openssl-nodejs/-/openssl-nodejs-1.0.5.tgz",
      "integrity": "sha512-6+nxZBw96nK1WUk5yIjhv9NRjqtNTfklB508T64BG5TQ8fU1x1rJrc1I3iVW+31KjnYYYwInGTopYxFJa7wMqA=="
    },
    "node_modules/path": {
      "version": "0.12.7",
      "resolved": "https://registry.npmjs.org/path/-/path-0.12.7.tgz",
      "integrity": "sha512-aXXC6s+1w7otVF9UletFkFcDsJeO7lSZBPUQhtb5O0xJe8LtYhj/GxldoL09bBj9+ZmE2hNoHqQSFMN5fikh4Q==",
      "dependencies": {
        "process": "^0.11.1",
        "util": "^0.10.3"
      }
    },
    "node_modules/png-chunk-text": {
      "version": "1.0.0",
      "resolved": "https://registry.npmjs.org/png-chunk-text/-/png-chunk-text-1.0.0.tgz",
      "integrity": "sha512-DEROKU3SkkLGWNMzru3xPVgxyd48UGuMSZvioErCure6yhOc/pRH2ZV+SEn7nmaf7WNf3NdIpH+UTrRdKyq9Lw=="
    },
    "node_modules/png-chunks-encode": {
      "version": "1.0.0",
      "resolved": "https://registry.npmjs.org/png-chunks-encode/-/png-chunks-encode-1.0.0.tgz",
      "integrity": "sha512-J1jcHgbQRsIIgx5wxW9UmCymV3wwn4qCCJl6KYgEU/yHCh/L2Mwq/nMOkRPtmV79TLxRZj5w3tH69pvygFkDqA==",
      "dependencies": {
        "crc-32": "^0.3.0",
        "sliced": "^1.0.1"
      }
    },
    "node_modules/png-chunks-extract": {
      "version": "1.0.0",
      "resolved": "https://registry.npmjs.org/png-chunks-extract/-/png-chunks-extract-1.0.0.tgz",
      "integrity": "sha512-ZiVwF5EJ0DNZyzAqld8BP1qyJBaGOFaq9zl579qfbkcmOwWLLO4I9L8i2O4j3HkI6/35i0nKG2n+dZplxiT89Q==",
      "dependencies": {
        "crc-32": "^0.3.0"
      }
    },
    "node_modules/process": {
      "version": "0.11.10",
      "resolved": "https://registry.npmjs.org/process/-/process-0.11.10.tgz",
      "integrity": "sha512-cdGef/drWFoydD1JsMzuFf8100nZl+GT+yacc2bEced5f9Rjk4z+WtFUTBu9PhOi9j/jfmBPu0mMEY4wIdAF8A==",
      "engines": {
        "node": ">= 0.6.0"
      }
    },
    "node_modules/sliced": {
      "version": "1.0.1",
      "resolved": "https://registry.npmjs.org/sliced/-/sliced-1.0.1.tgz",
      "integrity": "sha512-VZBmZP8WU3sMOZm1bdgTadsQbcscK0UM8oKxKVBs4XAhUo2Xxzm/OFMGBkPusxw9xL3Uy8LrzEqGqJhclsr0yA=="
    },
    "node_modules/util": {
      "version": "0.10.4",
      "resolved": "https://registry.npmjs.org/util/-/util-0.10.4.tgz",
      "integrity": "sha512-0Pm9hTQ3se5ll1XihRic3FDIku70C+iHUdT/W926rSgHV5QgXsYbKZN8MSC3tJtSkhuROzvsQjAaFENRXr+19A==",
      "dependencies": {
        "inherits": "2.0.3"
      }
    },
    "node_modules/ws": {
      "version": "8.14.2",
      "resolved": "https://registry.npmjs.org/ws/-/ws-8.14.2.tgz",
      "integrity": "sha512-wEBG1ftX4jcglPxgFCMJmZ2PLtSbJ2Peg6TmpJFTbe9GZYOQCDPdMYu/Tm0/bGZkw8paZnJY45J4K2PZrLYq8g==",
      "engines": {
        "node": ">=10.0.0"
      },
      "peerDependencies": {
        "bufferutil": "^4.0.1",
        "utf-8-validate": ">=5.0.2"
      },
      "peerDependenciesMeta": {
        "bufferutil": {
          "optional": true
        },
        "utf-8-validate": {
          "optional": true
        }
      }
    }
  }
}
